
Microsoft Visual Studio Solution File, Format Version 12.00
# Visual Studio 2012
Project("{FAE04EC0-301F-11D3-BF4B-00C04F79EFBC}") = "BootstrapExtensions.Web", "BootstrapExtensions.Web\BootstrapExtensions.Web.csproj", "{64AB6093-FF2C-4A36-92E9-DBF155F036CA}"
EndProject
Project("{FAE04EC0-301F-11D3-BF4B-00C04F79EFBC}") = "BootstrapExtensions", "BootstrapExtensions\BootstrapExtensions.csproj", "{B03600A5-81C0-48CD-ACFB-614CC1455F94}"
EndProject
Global
	GlobalSection(SolutionConfigurationPlatforms) = preSolution
		Debug|Any CPU = Debug|Any CPU
		Release|Any CPU = Release|Any CPU
	EndGlobalSection
	GlobalSection(ProjectConfigurationPlatforms) = postSolution
		{64AB6093-FF2C-4A36-92E9-DBF155F036CA}.Debug|Any CPU.ActiveCfg = Debug|Any CPU
		{64AB6093-FF2C-4A36-92E9-DBF155F036CA}.Debug|Any CPU.Build.0 = Debug|Any CPU
		{64AB6093-FF2C-4A36-92E9-DBF155F036CA}.Release|Any CPU.ActiveCfg = Release|Any CPU
		{64AB6093-FF2C-4A36-92E9-DBF155F036CA}.Release|Any CPU.Build.0 = Release|Any CPU
		{B03600A5-81C0-48CD-ACFB-614CC1455F94}.Debug|Any CPU.ActiveCfg = Debug|Any CPU
		{B03600A5-81C0-48CD-ACFB-614CC1455F94}.Debug|Any CPU.Build.0 = Debug|Any CPU
		{B03600A5-81C0-48CD-ACFB-614CC1455F94}.Release|Any CPU.ActiveCfg = Release|Any CPU
		{B03600A5-81C0-48CD-ACFB-614CC1455F94}.Release|Any CPU.Build.0 = Release|Any CPU
	EndGlobalSection
	GlobalSection(SolutionProperties) = preSolution
		HideSolutionNode = FALSE
	EndGlobalSection
EndGlobal
